
Microsoft Visual Studio Solution File, Format Version 12.00
# Visual Studio Version 17
VisualStudioVersion = 17.0.32112.339
MinimumVisualStudioVersion = 10.0.40219.1
Project("{FAE04EC0-301F-11D3-BF4B-00C04F79EFBC}") = "WalletPlus Inc.Web", "WalletPlus Inc.Web\WalletPlus Inc.Web.csproj", "{27BC35FF-AA60-4252-BE9B-080BE286502B}"
EndProject
Global
	GlobalSection(SolutionConfigurationPlatforms) = preSolution
		Debug|Any CPU = Debug|Any CPU
		Release|Any CPU = Release|Any CPU
	EndGlobalSection
	GlobalSection(ProjectConfigurationPlatforms) = postSolution
		{27BC35FF-AA60-4252-BE9B-080BE286502B}.Debug|Any CPU.ActiveCfg = Debug|Any CPU
		{27BC35FF-AA60-4252-BE9B-080BE286502B}.Debug|Any CPU.Build.0 = Debug|Any CPU
		{27BC35FF-AA60-4252-BE9B-080BE286502B}.Release|Any CPU.ActiveCfg = Release|Any CPU
		{27BC35FF-AA60-4252-BE9B-080BE286502B}.Release|Any CPU.Build.0 = Release|Any CPU
	EndGlobalSection
	GlobalSection(SolutionProperties) = preSolution
		HideSolutionNode = FALSE
	EndGlobalSection
	GlobalSection(ExtensibilityGlobals) = postSolution
		SolutionGuid = {650783F5-015D-4333-9FFD-7138720ED429}
	EndGlobalSection
EndGlobal
